
Microsoft Visual Studio Solution File, Format Version 12.00
# Visual Studio Version 17
VisualStudioVersion = 17.13.35931.197 d17.13
MinimumVisualStudioVersion = 10.0.40219.1
Project("{FAE04EC0-301F-11D3-BF4B-00C04F79EFBC}") = "EducationalPractice", "EducationalPractice.csproj", "{03EE4960-A1A2-4A0A-B962-7E967BADB394}"
EndProject
Global
	GlobalSection(SolutionConfigurationPlatforms) = preSolution
		Debug|Any CPU = Debug|Any CPU
		Release|Any CPU = Release|Any CPU
	EndGlobalSection
	GlobalSection(ProjectConfigurationPlatforms) = postSolution
		{03EE4960-A1A2-4A0A-B962-7E967BADB394}.Debug|Any CPU.ActiveCfg = Debug|Any CPU
		{03EE4960-A1A2-4A0A-B962-7E967BADB394}.Debug|Any CPU.Build.0 = Debug|Any CPU
		{03EE4960-A1A2-4A0A-B962-7E967BADB394}.Release|Any CPU.ActiveCfg = Release|Any CPU
		{03EE4960-A1A2-4A0A-B962-7E967BADB394}.Release|Any CPU.Build.0 = Release|Any CPU
	EndGlobalSection
	GlobalSection(SolutionProperties) = preSolution
		HideSolutionNode = FALSE
	EndGlobalSection
	GlobalSection(ExtensibilityGlobals) = postSolution
		SolutionGuid = {82B1B3A2-D138-4DF5-BBB8-FFA61B284B01}
	EndGlobalSection
EndGlobal
